// !$*UTF8*$!
{
	archiveVersion = 1;
	classes = {
	};
	objectVersion = 77;
	objects = {

/* Begin PBXContainerItemProxy section */
		C6F857362D0E004C0039BF2C /* PBXContainerItemProxy */ = {
			isa = PBXContainerItemProxy;
			containerPortal = C6F8571D2D0E004B0039BF2C /* Project object */;
			proxyType = 1;
			remoteGlobalIDString = C6F857242D0E004B0039BF2C;
			remoteInfo = speedBumpTracker;
		};
		C6F857402D0E004C0039BF2C /* PBXContainerItemProxy */ = {
			isa = PBXContainerItemProxy;
			containerPortal = C6F8571D2D0E004B0039BF2C /* Project object */;
			proxyType = 1;
			remoteGlobalIDString = C6F857242D0E004B0039BF2C;
			remoteInfo = speedBumpTracker;
		};
/* End PBXContainerItemProxy section */

/* Begin PBXFileReference section */
		C6F857252D0E004B0039BF2C /* speedBumpTracker.app */ = {isa = PBXFileReference; explicitFileType = wrapper.application; includeInIndex = 0; path = speedBumpTracker.app; sourceTree = BUILT_PRODUCTS_DIR; };
		C6F857352D0E004C0039BF2C /* speedBumpTrackerTests.xctest */ = {isa = PBXFileReference; explicitFileType = wrapper.cfbundle; includeInIndex = 0; path = speedBumpTrackerTests.xctest; sourceTree = BUILT_PRODUCTS_DIR; };
		C6F8573F2D0E004C0039BF2C /* speedBumpTrackerUITests.xctest */ = {isa = PBXFileReference; explicitFileType = wrapper.cfbundle; includeInIndex = 0; path = speedBumpTrackerUITests.xctest; sourceTree = BUILT_PRODUCTS_DIR; };
/* End PBXFileReference section */

/* Begin PBXFileSystemSynchronizedRootGroup section */
		C6F857272D0E004B0039BF2C /* speedBumpTracker */ = {
			isa = PBXFileSystemSynchronizedRootGroup;
			path = speedBumpTracker;
			sourceTree = "<group>";
		};
		C6F857382D0E004C0039BF2C /* speedBumpTrackerTests */ = {
			isa = PBXFileSystemSynchronizedRootGroup;
			path = speedBumpTrackerTests;
			sourceTree = "<group>";
		};
		C6F857422D0E004C0039BF2C /* speedBumpTrackerUITests */ = {
			isa = PBXFileSystemSynchronizedRootGroup;
			path = speedBumpTrackerUITests;
			sourceTree = "<group>";
		};
/* End PBXFileSystemSynchronizedRootGroup section */

/* Begin PBXFrameworksBuildPhase section */
		C6F857222D0E004B0039BF2C /* Frameworks */ = {
			isa = PBXFrameworksBuildPhase;
			buildActionMask = 2147483647;
			files = (
			);
			runOnlyForDeploymentPostprocessing = 0;
		};
		C6F857322D0E004C0039BF2C /* Frameworks */ = {
			isa = PBXFrameworksBuildPhase;
			buildActionMask = 2147483647;
			files = (
			);
			runOnlyForDeploymentPostprocessing = 0;
		};
		C6F8573C2D0E004C0039BF2C /* Frameworks */ = {
			isa = PBXFrameworksBuildPhase;
			buildActionMask = 2147483647;
			files = (
			);
			runOnlyForDeploymentPostprocessing = 0;
		};
/* End PBXFrameworksBuildPhase section */

/* Begin PBXGroup section */
		C6F8571C2D0E004B0039BF2C = {
			isa = PBXGroup;
			children = (
				C6F857272D0E004B0039BF2C /* speedBumpTracker */,
				C6F857382D0E004C0039BF2C /* speedBumpTrackerTests */,
				C6F857422D0E004C0039BF2C /* speedBumpTrackerUITests */,
				C6F857262D0E004B0039BF2C /* Products */,
			);
			sourceTree = "<group>";
		};
		C6F857262D0E004B0039BF2C /* Products */ = {
			isa = PBXGroup;
			children = (
				C6F857252D0E004B0039BF2C /* speedBumpTracker.app */,
				C6F857352D0E004C0039BF2C /* speedBumpTrackerTests.xctest */,
				C6F8573F2D0E004C0039BF2C /* speedBumpTrackerUITests.xctest */,
			);
			name = Products;
			sourceTree = "<group>";
		};
/* End PBXGroup section */

/* Begin PBXNativeTarget section */
		C6F857242D0E004B0039BF2C /* speedBumpTracker */ = {
			isa = PBXNativeTarget;
			buildConfigurationList = C6F857492D0E004C0039BF2C /* Build configuration list for PBXNativeTarget "speedBumpTracker" */;
			buildPhases = (
				C6F857212D0E004B0039BF2C /* Sources */,
				C6F857222D0E004B0039BF2C /* Frameworks */,
				C6F857232D0E004B0039BF2C /* Resources */,
			);
			buildRules = (
			);
			dependencies = (
			);
			fileSystemSynchronizedGroups = (
				C6F857272D0E004B0039BF2C /* speedBumpTracker */,
			);
			name = speedBumpTracker;
			packageProductDependencies = (
			);
			productName = speedBumpTracker;
			productReference = C6F857252D0E004B0039BF2C /* speedBumpTracker.app */;
			productType = "com.apple.product-type.application";
		};
		C6F857342D0E004C0039BF2C /* speedBumpTrackerTests */ = {
			isa = PBXNativeTarget;
			buildConfigurationList = C6F8574C2D0E004C0039BF2C /* Build configuration list for PBXNativeTarget "speedBumpTrackerTests" */;
			buildPhases = (
				C6F857312D0E004C0039BF2C /* Sources */,
				C6F857322D0E004C0039BF2C /* Frameworks */,
				C6F857332D0E004C0039BF2C /* Resources */,
			);
			buildRules = (
			);
			dependencies = (
				C6F857372D0E004C0039BF2C /* PBXTargetDependency */,
			);
			fileSystemSynchronizedGroups = (
				C6F857382D0E004C0039BF2C /* speedBumpTrackerTests */,
			);
			name = speedBumpTrackerTests;
			packageProductDependencies = (
			);
			productName = speedBumpTrackerTests;
			productReference = C6F857352D0E004C0039BF2C /* speedBumpTrackerTests.xctest */;
			productType = "com.apple.product-type.bundle.unit-test";
		};
		C6F8573E2D0E004C0039BF2C /* speedBumpTrackerUITests */ = {
			isa = PBXNativeTarget;
			buildConfigurationList = C6F8574F2D0E004C0039BF2C /* Build configuration list for PBXNativeTarget "speedBumpTrackerUITests" */;
			buildPhases = (
				C6F8573B2D0E004C0039BF2C /* Sources */,
				C6F8573C2D0E004C0039BF2C /* Frameworks */,
				C6F8573D2D0E004C0039BF2C /* Resources */,
			);
			buildRules = (
			);
			dependencies = (
				C6F857412D0E004C0039BF2C /* PBXTargetDependency */,
			);
			fileSystemSynchronizedGroups = (
				C6F857422D0E004C0039BF2C /* speedBumpTrackerUITests */,
			);
			name = speedBumpTrackerUITests;
			packageProductDependencies = (
			);
			productName = speedBumpTrackerUITests;
			productReference = C6F8573F2D0E004C0039BF2C /* speedBumpTrackerUITests.xctest */;
			productType = "com.apple.product-type.bundle.ui-testing";
		};
/* End PBXNativeTarget section */

/* Begin PBXProject section */
		C6F8571D2D0E004B0039BF2C /* Project object */ = {
			isa = PBXProject;
			attributes = {
				BuildIndependentTargetsInParallel = 1;
				LastSwiftUpdateCheck = 1620;
				LastUpgradeCheck = 1620;
				TargetAttributes = {
					C6F857242D0E004B0039BF2C = {
						CreatedOnToolsVersion = 16.2;
					};
					C6F857342D0E004C0039BF2C = {
						CreatedOnToolsVersion = 16.2;
						TestTargetID = C6F857242D0E004B0039BF2C;
					};
					C6F8573E2D0E004C0039BF2C = {
						CreatedOnToolsVersion = 16.2;
						TestTargetID = C6F857242D0E004B0039BF2C;
					};
				};
			};
			buildConfigurationList = C6F857202D0E004B0039BF2C /* Build configuration list for PBXProject "speedBumpTracker" */;
			developmentRegion = en;
			hasScannedForEncodings = 0;
			knownRegions = (
				en,
				Base,
			);
			mainGroup = C6F8571C2D0E004B0039BF2C;
			minimizedProjectReferenceProxies = 1;
			preferredProjectObjectVersion = 77;
			productRefGroup = C6F857262D0E004B0039BF2C /* Products */;
			projectDirPath = "";
			projectRoot = "";
			targets = (
				C6F857242D0E004B0039BF2C /* speedBumpTracker */,
				C6F857342D0E004C0039BF2C /* speedBumpTrackerTests */,
				C6F8573E2D0E004C0039BF2C /* speedBumpTrackerUITests */,
			);
		};
/* End PBXProject section */

/* Begin PBXResourcesBuildPhase section */
		C6F857232D0E004B0039BF2C /* Resources */ = {
			isa = PBXResourcesBuildPhase;
			buildActionMask = 2147483647;
			files = (
			);
			runOnlyForDeploymentPostprocessing = 0;
		};
		C6F857332D0E004C0039BF2C /* Resources */ = {
			isa = PBXResourcesBuildPhase;
			buildActionMask = 2147483647;
			files = (
			);
			runOnlyForDeploymentPostprocessing = 0;
		};
		C6F8573D2D0E004C0039BF2C /* Resources */ = {
			isa = PBXResourcesBuildPhase;
			buildActionMask = 2147483647;
			files = (
			);
			runOnlyForDeploymentPostprocessing = 0;
		};
/* End PBXResourcesBuildPhase section */

/* Begin PBXSourcesBuildPhase section */
		C6F857212D0E004B0039BF2C /* Sources */ = {
			isa = PBXSourcesBuildPhase;
			buildActionMask = 2147483647;
			files = (
			);
			runOnlyForDeploymentPostprocessing = 0;
		};
		C6F857312D0E004C0039BF2C /* Sources */ = {
			isa = PBXSourcesBuildPhase;
			buildActionMask = 2147483647;
			files = (
			);
			runOnlyForDeploymentPostprocessing = 0;
		};
		C6F8573B2D0E004C0039BF2C /* Sources */ = {
			isa = PBXSourcesBuildPhase;
			buildActionMask = 2147483647;
			files = (
			);
			runOnlyForDeploymentPostprocessing = 0;
		};
/* End PBXSourcesBuildPhase section */

/* Begin PBXTargetDependency section */
		C6F857372D0E004C0039BF2C /* PBXTargetDependency */ = {
			isa = PBXTargetDependency;
			target = C6F857242D0E004B0039BF2C /* speedBumpTracker */;
			targetProxy = C6F857362D0E004C0039BF2C /* PBXContainerItemProxy */;
		};
		C6F857412D0E004C0039BF2C /* PBXTargetDependency */ = {
			isa = PBXTargetDependency;
			target = C6F857242D0E004B0039BF2C /* speedBumpTracker */;
			targetProxy = C6F857402D0E004C0039BF2C /* PBXContainerItemProxy */;
		};
/* End PBXTargetDependency section */

/* Begin XCBuildConfiguration section */
		C6F857472D0E004C0039BF2C /* Debug */ = {
			isa = XCBuildConfiguration;
			buildSettings = {
				ALWAYS_SEARCH_USER_PATHS = NO;
				ASSETCATALOG_COMPILER_GENERATE_SWIFT_ASSET_SYMBOL_EXTENSIONS = YES;
				CLANG_ANALYZER_NONNULL = YES;
				CLANG_ANALYZER_NUMBER_OBJECT_CONVERSION = YES_AGGRESSIVE;
				CLANG_CXX_LANGUAGE_STANDARD = "gnu++20";
				CLANG_ENABLE_MODULES = YES;
				CLANG_ENABLE_OBJC_ARC = YES;
				CLANG_ENABLE_OBJC_WEAK = YES;
				CLANG_WARN_BLOCK_CAPTURE_AUTORELEASING = YES;
				CLANG_WARN_BOOL_CONVERSION = YES;
				CLANG_WARN_COMMA = YES;
				CLANG_WARN_CONSTANT_CONVERSION = YES;
				CLANG_WARN_DEPRECATED_OBJC_IMPLEMENTATIONS = YES;
				CLANG_WARN_DIRECT_OBJC_ISA_USAGE = YES_ERROR;
				CLANG_WARN_DOCUMENTATION_COMMENTS = YES;
				CLANG_WARN_EMPTY_BODY = YES;
				CLANG_WARN_ENUM_CONVERSION = YES;
				CLANG_WARN_INFINITE_RECURSION = YES;
				CLANG_WARN_INT_CONVERSION = YES;
				CLANG_WARN_NON_LITERAL_NULL_CONVERSION = YES;
				CLANG_WARN_OBJC_IMPLICIT_RETAIN_SELF = YES;
				CLANG_WARN_OBJC_LITERAL_CONVERSION = YES;
				CLANG_WARN_OBJC_ROOT_CLASS = YES_ERROR;
				CLANG_WARN_QUOTED_INCLUDE_IN_FRAMEWORK_HEADER = YES;
				CLANG_WARN_RANGE_LOOP_ANALYSIS = YES;
				CLANG_WARN_STRICT_PROTOTYPES = YES;
				CLANG_WARN_SUSPICIOUS_MOVE = YES;
				CLANG_WARN_UNGUARDED_AVAILABILITY = YES_AGGRESSIVE;
				CLANG_WARN_UNREACHABLE_CODE = YES;
				CLANG_WARN__DUPLICATE_METHOD_MATCH = YES;
				COPY_PHASE_STRIP = NO;
				DEBUG_INFORMATION_FORMAT = dwarf;
				ENABLE_STRICT_OBJC_MSGSEND = YES;
				ENABLE_TESTABILITY = YES;
				ENABLE_USER_SCRIPT_SANDBOXING = YES;
				GCC_C_LANGUAGE_STANDARD = gnu17;
				GCC_DYNAMIC_NO_PIC = NO;
				GCC_NO_COMMON_BLOCKS = YES;
				GCC_OPTIMIZATION_LEVEL = 0;
				GCC_PREPROCESSOR_DEFINITIONS = (
					"DEBUG=1",
					"$(inherited)",
				);
				GCC_WARN_64_TO_32_BIT_CONVERSION = YES;
				GCC_WARN_ABOUT_RETURN_TYPE = YES_ERROR;
				GCC_WARN_UNDECLARED_SELECTOR = YES;
				GCC_WARN_UNINITIALIZED_AUTOS = YES_AGGRESSIVE;
				GCC_WARN_UNUSED_FUNCTION = YES;
				GCC_WARN_UNUSED_VARIABLE = YES;
				IPHONEOS_DEPLOYMENT_TARGET = 18.2;
				LOCALIZATION_PREFERS_STRING_CATALOGS = YES;
				MTL_ENABLE_DEBUG_INFO = INCLUDE_SOURCE;
				MTL_FAST_MATH = YES;
				ONLY_ACTIVE_ARCH = YES;
				SDKROOT = iphoneos;
				SWIFT_ACTIVE_COMPILATION_CONDITIONS = "DEBUG $(inherited)";
				SWIFT_OPTIMIZATION_LEVEL = "-Onone";
			};
			name = Debug;
		};
		C6F857482D0E004C0039BF2C /* Release */ = {
			isa = XCBuildConfiguration;
			buildSettings = {
				ALWAYS_SEARCH_USER_PATHS = NO;
				ASSETCATALOG_COMPILER_GENERATE_SWIFT_ASSET_SYMBOL_EXTENSIONS = YES;
				CLANG_ANALYZER_NONNULL = YES;
				CLANG_ANALYZER_NUMBER_OBJECT_CONVERSION = YES_AGGRESSIVE;
				CLANG_CXX_LANGUAGE_STANDARD = "gnu++20";
				CLANG_ENABLE_MODULES = YES;
				CLANG_ENABLE_OBJC_ARC = YES;
				CLANG_ENABLE_OBJC_WEAK = YES;
				CLANG_WARN_BLOCK_CAPTURE_AUTORELEASING = YES;
				CLANG_WARN_BOOL_CONVERSION = YES;
				CLANG_WARN_COMMA = YES;
				CLANG_WARN_CONSTANT_CONVERSION = YES;
				CLANG_WARN_DEPRECATED_OBJC_IMPLEMENTATIONS = YES;
				CLANG_WARN_DIRECT_OBJC_ISA_USAGE = YES_ERROR;
				CLANG_WARN_DOCUMENTATION_COMMENTS = YES;
				CLANG_WARN_EMPTY_BODY = YES;
				CLANG_WARN_ENUM_CONVERSION = YES;
				CLANG_WARN_INFINITE_RECURSION = YES;
				CLANG_WARN_INT_CONVERSION = YES;
				CLANG_WARN_NON_LITERAL_NULL_CONVERSION = YES;
				CLANG_WARN_OBJC_IMPLICIT_RETAIN_SELF = YES;
				CLANG_WARN_OBJC_LITERAL_CONVERSION = YES;
				CLANG_WARN_OBJC_ROOT_CLASS = YES_ERROR;
				CLANG_WARN_QUOTED_INCLUDE_IN_FRAMEWORK_HEADER = YES;
				CLANG_WARN_RANGE_LOOP_ANALYSIS = YES;
				CLANG_WARN_STRICT_PROTOTYPES = YES;
				CLANG_WARN_SUSPICIOUS_MOVE = YES;
				CLANG_WARN_UNGUARDED_AVAILABILITY = YES_AGGRESSIVE;
				CLANG_WARN_UNREACHABLE_CODE = YES;
				CLANG_WARN__DUPLICATE_METHOD_MATCH = YES;
				COPY_PHASE_STRIP = NO;
				DEBUG_INFORMATION_FORMAT = "dwarf-with-dsym";
				ENABLE_NS_ASSERTIONS = NO;
				ENABLE_STRICT_OBJC_MSGSEND = YES;
				ENABLE_USER_SCRIPT_SANDBOXING = YES;
				GCC_C_LANGUAGE_STANDARD = gnu17;
				GCC_NO_COMMON_BLOCKS = YES;
				GCC_WARN_64_TO_32_BIT_CONVERSION = YES;
				GCC_WARN_ABOUT_RETURN_TYPE = YES_ERROR;
				GCC_WARN_UNDECLARED_SELECTOR = YES;
				GCC_WARN_UNINITIALIZED_AUTOS = YES_AGGRESSIVE;
				GCC_WARN_UNUSED_FUNCTION = YES;
				GCC_WARN_UNUSED_VARIABLE = YES;
				IPHONEOS_DEPLOYMENT_TARGET = 18.2;
				LOCALIZATION_PREFERS_STRING_CATALOGS = YES;
				MTL_ENABLE_DEBUG_INFO = NO;
				MTL_FAST_MATH = YES;
				SDKROOT = iphoneos;
				SWIFT_COMPILATION_MODE = wholemodule;
				VALIDATE_PRODUCT = YES;
			};
			name = Release;
		};
		C6F8574A2D0E004C0039BF2C /* Debug */ = {
			isa = XCBuildConfiguration;
			buildSettings = {
				ASSETCATALOG_COMPILER_APPICON_NAME = AppIcon;
				ASSETCATALOG_COMPILER_GLOBAL_ACCENT_COLOR_NAME = AccentColor;
				ASSETCATALOG_COMPILER_INCLUDE_ALL_APPICON_ASSETS = YES;
				CODE_SIGN_STYLE = Automatic;
				CURRENT_PROJECT_VERSION = 1;
				DEVELOPMENT_ASSET_PATHS = "\"speedBumpTracker/Preview Content\"";
				DEVELOPMENT_TEAM = VWKND72DXA;
				ENABLE_PREVIEWS = YES;
				GENERATE_INFOPLIST_FILE = YES;
				INFOPLIST_KEY_CFBundleDisplayName = "Speed Bump Tracker";
				INFOPLIST_KEY_LSApplicationCategoryType = "public.app-category.utilities";
				INFOPLIST_KEY_NSHumanReadableCopyright = "GD 2024";
				INFOPLIST_KEY_UIApplicationSceneManifest_Generation = YES;
				INFOPLIST_KEY_UIApplicationSupportsIndirectInputEvents = YES;
				INFOPLIST_KEY_UILaunchScreen_Generation = YES;
				INFOPLIST_KEY_UIStatusBarStyle = "";
				INFOPLIST_KEY_UISupportedInterfaceOrientations = UIInterfaceOrientationPortrait;
				LD_RUNPATH_SEARCH_PATHS = (
					"$(inherited)",
					"@executable_path/Frameworks",
				);
				MARKETING_VERSION = 1.0;
				PRODUCT_BUNDLE_IDENTIFIER = com.gerriediaz.speedBumpTracker;
				PRODUCT_NAME = "$(TARGET_NAME)";
				SUPPORTED_PLATFORMS = "iphoneos iphonesimulator";
				SUPPORTS_MACCATALYST = NO;
				SUPPORTS_MAC_DESIGNED_FOR_IPHONE_IPAD = NO;
				SUPPORTS_XR_DESIGNED_FOR_IPHONE_IPAD = NO;
				SWIFT_EMIT_LOC_STRINGS = YES;
				SWIFT_VERSION = 5.0;
				TARGETED_DEVICE_FAMILY = 1;
			};
			name = Debug;
		};
		C6F8574B2D0E004C0039BF2C /* Release */ = {
			isa = XCBuildConfiguration;
			buildSettings = {
				ASSETCATALOG_COMPILER_APPICON_NAME = AppIcon;
				ASSETCATALOG_COMPILER_GLOBAL_ACCENT_COLOR_NAME = AccentColor;
				ASSETCATALOG_COMPILER_INCLUDE_ALL_APPICON_ASSETS = YES;
				CODE_SIGN_STYLE = Automatic;
				CURRENT_PROJECT_VERSION = 1;
				DEVELOPMENT_ASSET_PATHS = "\"speedBumpTracker/Preview Content\"";
				DEVELOPMENT_TEAM = VWKND72DXA;
				ENABLE_PREVIEWS = YES;
				GENERATE_INFOPLIST_FILE = YES;
				INFOPLIST_KEY_CFBundleDisplayName = "Speed Bump Tracker";
				INFOPLIST_KEY_LSApplicationCategoryType = "public.app-category.utilities";
				INFOPLIST_KEY_NSHumanReadableCopyright = "GD 2024";
				INFOPLIST_KEY_UIApplicationSceneManifest_Generation = YES;
				INFOPLIST_KEY_UIApplicationSupportsIndirectInputEvents = YES;
				INFOPLIST_KEY_UILaunchScreen_Generation = YES;
				INFOPLIST_KEY_UIStatusBarStyle = "";
				INFOPLIST_KEY_UISupportedInterfaceOrientations = UIInterfaceOrientationPortrait;
				LD_RUNPATH_SEARCH_PATHS = (
					"$(inherited)",
					"@executable_path/Frameworks",
				);
				MARKETING_VERSION = 1.0;
				PRODUCT_BUNDLE_IDENTIFIER = com.gerriediaz.speedBumpTracker;
				PRODUCT_NAME = "$(TARGET_NAME)";
				SUPPORTED_PLATFORMS = "iphoneos iphonesimulator";
				SUPPORTS_MACCATALYST = NO;
				SUPPORTS_MAC_DESIGNED_FOR_IPHONE_IPAD = NO;
				SUPPORTS_XR_DESIGNED_FOR_IPHONE_IPAD = NO;
				SWIFT_EMIT_LOC_STRINGS = YES;
				SWIFT_VERSION = 5.0;
				TARGETED_DEVICE_FAMILY = 1;
			};
			name = Release;
		};
		C6F8574D2D0E004C0039BF2C /* Debug */ = {
			isa = XCBuildConfiguration;
			buildSettings = {
				BUNDLE_LOADER = "$(TEST_HOST)";
				CODE_SIGN_STYLE = Automatic;
				CURRENT_PROJECT_VERSION = 1;
				DEVELOPMENT_TEAM = VWKND72DXA;
				GENERATE_INFOPLIST_FILE = YES;
				IPHONEOS_DEPLOYMENT_TARGET = 18.2;
				MARKETING_VERSION = 1.0;
				PRODUCT_BUNDLE_IDENTIFIER = com.gerriediaz..speedBumpTrackerTests;
				PRODUCT_NAME = "$(TARGET_NAME)";
				SWIFT_EMIT_LOC_STRINGS = NO;
				SWIFT_VERSION = 5.0;
				TARGETED_DEVICE_FAMILY = "1,2";
				TEST_HOST = "$(BUILT_PRODUCTS_DIR)/speedBumpTracker.app/$(BUNDLE_EXECUTABLE_FOLDER_PATH)/speedBumpTracker";
			};
			name = Debug;
		};
		C6F8574E2D0E004C0039BF2C /* Release */ = {
			isa = XCBuildConfiguration;
			buildSettings = {
				BUNDLE_LOADER = "$(TEST_HOST)";
				CODE_SIGN_STYLE = Automatic;
				CURRENT_PROJECT_VERSION = 1;
				DEVELOPMENT_TEAM = VWKND72DXA;
				GENERATE_INFOPLIST_FILE = YES;
				IPHONEOS_DEPLOYMENT_TARGET = 18.2;
				MARKETING_VERSION = 1.0;
				PRODUCT_BUNDLE_IDENTIFIER = com.gerriediaz..speedBumpTrackerTests;
				PRODUCT_NAME = "$(TARGET_NAME)";
				SWIFT_EMIT_LOC_STRINGS = NO;
				SWIFT_VERSION = 5.0;
				TARGETED_DEVICE_FAMILY = "1,2";
				TEST_HOST = "$(BUILT_PRODUCTS_DIR)/speedBumpTracker.app/$(BUNDLE_EXECUTABLE_FOLDER_PATH)/speedBumpTracker";
			};
			name = Release;
		};
		C6F857502D0E004C0039BF2C /* Debug */ = {
			isa = XCBuildConfiguration;
			buildSettings = {
				CODE_SIGN_STYLE = Automatic;
				CURRENT_PROJECT_VERSION = 1;
				DEVELOPMENT_TEAM = VWKND72DXA;
				GENERATE_INFOPLIST_FILE = YES;
				MARKETING_VERSION = 1.0;
				PRODUCT_BUNDLE_IDENTIFIER = com.gerriediaz..speedBumpTrackerUITests;
				PRODUCT_NAME = "$(TARGET_NAME)";
				SWIFT_EMIT_LOC_STRINGS = NO;
				SWIFT_VERSION = 5.0;
				TARGETED_DEVICE_FAMILY = "1,2";
				TEST_TARGET_NAME = speedBumpTracker;
			};
			name = Debug;
		};
		C6F857512D0E004C0039BF2C /* Release */ = {
			isa = XCBuildConfiguration;
			buildSettings = {
				CODE_SIGN_STYLE = Automatic;
				CURRENT_PROJECT_VERSION = 1;
				DEVELOPMENT_TEAM = VWKND72DXA;
				GENERATE_INFOPLIST_FILE = YES;
				MARKETING_VERSION = 1.0;
				PRODUCT_BUNDLE_IDENTIFIER = com.gerriediaz..speedBumpTrackerUITests;
				PRODUCT_NAME = "$(TARGET_NAME)";
				SWIFT_EMIT_LOC_STRINGS = NO;
				SWIFT_VERSION = 5.0;
				TARGETED_DEVICE_FAMILY = "1,2";
				TEST_TARGET_NAME = speedBumpTracker;
			};
			name = Release;
		};
/* End XCBuildConfiguration section */

/* Begin XCConfigurationList section */
		C6F857202D0E004B0039BF2C /* Build configuration list for PBXProject "speedBumpTracker" */ = {
			isa = XCConfigurationList;
			buildConfigurations = (
				C6F857472D0E004C0039BF2C /* Debug */,
				C6F857482D0E004C0039BF2C /* Release */,
			);
			defaultConfigurationIsVisible = 0;
			defaultConfigurationName = Release;
		};
		C6F857492D0E004C0039BF2C /* Build configuration list for PBXNativeTarget "speedBumpTracker" */ = {
			isa = XCConfigurationList;
			buildConfigurations = (
				C6F8574A2D0E004C0039BF2C /* Debug */,
				C6F8574B2D0E004C0039BF2C /* Release */,
			);
			defaultConfigurationIsVisible = 0;
			defaultConfigurationName = Release;
		};
		C6F8574C2D0E004C0039BF2C /* Build configuration list for PBXNativeTarget "speedBumpTrackerTests" */ = {
			isa = XCConfigurationList;
			buildConfigurations = (
				C6F8574D2D0E004C0039BF2C /* Debug */,
				C6F8574E2D0E004C0039BF2C /* Release */,
			);
			defaultConfigurationIsVisible = 0;
			defaultConfigurationName = Release;
		};
		C6F8574F2D0E004C0039BF2C /* Build configuration list for PBXNativeTarget "speedBumpTrackerUITests" */ = {
			isa = XCConfigurationList;
			buildConfigurations = (
				C6F857502D0E004C0039BF2C /* Debug */,
				C6F857512D0E004C0039BF2C /* Release */,
			);
			defaultConfigurationIsVisible = 0;
			defaultConfigurationName = Release;
		};
/* End XCConfigurationList section */
	};
	rootObject = C6F8571D2D0E004B0039BF2C /* Project object */;
}
